
Microsoft Visual Studio Solution File, Format Version 12.00
# Visual Studio 15
VisualStudioVersion = 15.0.28010.2048
MinimumVisualStudioVersion = 10.0.40219.1
Project("{8BC9CEB8-8B4A-11D0-8D11-00A0C91BC942}") = "MyString", "MyString\MyString.vcxproj", "{9A624CD2-B119-4161-BE42-313FD3ABC1E3}"
EndProject
Global
	GlobalSection(SolutionConfigurationPlatforms) = preSolution
		Debug|x64 = Debug|x64
		Debug|x86 = Debug|x86
		Release|x64 = Release|x64
		Release|x86 = Release|x86
	EndGlobalSection
	GlobalSection(ProjectConfigurationPlatforms) = postSolution
		{9A624CD2-B119-4161-BE42-313FD3ABC1E3}.Debug|x64.ActiveCfg = Debug|x64
		{9A624CD2-B119-4161-BE42-313FD3ABC1E3}.Debug|x64.Build.0 = Debug|x64
		{9A624CD2-B119-4161-BE42-313FD3ABC1E3}.Debug|x86.ActiveCfg = Debug|Win32
		{9A624CD2-B119-4161-BE42-313FD3ABC1E3}.Debug|x86.Build.0 = Debug|Win32
		{9A624CD2-B119-4161-BE42-313FD3ABC1E3}.Release|x64.ActiveCfg = Release|x64
		{9A624CD2-B119-4161-BE42-313FD3ABC1E3}.Release|x64.Build.0 = Release|x64
		{9A624CD2-B119-4161-BE42-313FD3ABC1E3}.Release|x86.ActiveCfg = Release|Win32
		{9A624CD2-B119-4161-BE42-313FD3ABC1E3}.Release|x86.Build.0 = Release|Win32
	EndGlobalSection
	GlobalSection(SolutionProperties) = preSolution
		HideSolutionNode = FALSE
	EndGlobalSection
	GlobalSection(ExtensibilityGlobals) = postSolution
		SolutionGuid = {02D634D9-C3CA-4FE8-9668-6DEBD69F5666}
	EndGlobalSection
EndGlobal
